// !$*UTF8*$!
{
	archiveVersion = 1;
	classes = {
	};
	objectVersion = 51;
	objects = {

/* Begin PBXBuildFile section */
		895E512A6F2E81418116D248 /* Pods_xxChat_xxChatUITests.framework in Frameworks */ = {isa = PBXBuildFile; fileRef = 2382D83948623E5AF2F4FE11 /* Pods_xxChat_xxChatUITests.framework */; };
		9B18473826F08D15003C4FA4 /* EmojiCollectionViewCell.m in Sources */ = {isa = PBXBuildFile; fileRef = 9B18473726F08D15003C4FA4 /* EmojiCollectionViewCell.m */; };
		9B18473B26F08D4F003C4FA4 /* EmojiView.m in Sources */ = {isa = PBXBuildFile; fileRef = 9B18473A26F08D4F003C4FA4 /* EmojiView.m */; };
		9B18473F26F08DC7003C4FA4 /* ImageCollectionViewCell.m in Sources */ = {isa = PBXBuildFile; fileRef = 9B18473E26F08DC7003C4FA4 /* ImageCollectionViewCell.m */; };
		9B18474226F08E0B003C4FA4 /* ImagePicker.m in Sources */ = {isa = PBXBuildFile; fileRef = 9B18474126F08E0B003C4FA4 /* ImagePicker.m */; };
		9B18474D26F08EB9003C4FA4 /* 图片素材3.jpg in Resources */ = {isa = PBXBuildFile; fileRef = 9B18474526F08EB9003C4FA4 /* 图片素材3.jpg */; };
		9B18474E26F08EB9003C4FA4 /* 图片素材8.jpg in Resources */ = {isa = PBXBuildFile; fileRef = 9B18474626F08EB9003C4FA4 /* 图片素材8.jpg */; };
		9B18474F26F08EB9003C4FA4 /* 图片素材5.jpg in Resources */ = {isa = PBXBuildFile; fileRef = 9B18474726F08EB9003C4FA4 /* 图片素材5.jpg */; };
		9B18475026F08EB9003C4FA4 /* 图片素材6.jpg in Resources */ = {isa = PBXBuildFile; fileRef = 9B18474826F08EB9003C4FA4 /* 图片素材6.jpg */; };
		9B18475126F08EB9003C4FA4 /* 图片素材1.jpg in Resources */ = {isa = PBXBuildFile; fileRef = 9B18474926F08EB9003C4FA4 /* 图片素材1.jpg */; };
		9B18475226F08EB9003C4FA4 /* 图片素材2.jpg in Resources */ = {isa = PBXBuildFile; fileRef = 9B18474A26F08EB9003C4FA4 /* 图片素材2.jpg */; };
		9B18475326F08EB9003C4FA4 /* 图片素材7.jpg in Resources */ = {isa = PBXBuildFile; fileRef = 9B18474B26F08EB9003C4FA4 /* 图片素材7.jpg */; };
		9B18475426F08EB9003C4FA4 /* 图片素材4.jpg in Resources */ = {isa = PBXBuildFile; fileRef = 9B18474C26F08EB9003C4FA4 /* 图片素材4.jpg */; };
		9B18475726F092C4003C4FA4 /* UITabBar+RedPoint.m in Sources */ = {isa = PBXBuildFile; fileRef = 9B18475626F092C4003C4FA4 /* UITabBar+RedPoint.m */; };
		9B18475F26F09DB1003C4FA4 /* 表情包素材5.jpg in Resources */ = {isa = PBXBuildFile; fileRef = 9B18475926F09DB1003C4FA4 /* 表情包素材5.jpg */; };
		9B18476026F09DB1003C4FA4 /* 表情包素材6.jpg in Resources */ = {isa = PBXBuildFile; fileRef = 9B18475A26F09DB1003C4FA4 /* 表情包素材6.jpg */; };
		9B18476126F09DB1003C4FA4 /* 表情包素材4.jpg in Resources */ = {isa = PBXBuildFile; fileRef = 9B18475B26F09DB1003C4FA4 /* 表情包素材4.jpg */; };
		9B18476226F09DB1003C4FA4 /* 表情包素材2.jpg in Resources */ = {isa = PBXBuildFile; fileRef = 9B18475C26F09DB1003C4FA4 /* 表情包素材2.jpg */; };
		9B18476326F09DB1003C4FA4 /* 表情包素材3.jpg in Resources */ = {isa = PBXBuildFile; fileRef = 9B18475D26F09DB1003C4FA4 /* 表情包素材3.jpg */; };
		9B18476426F09DB1003C4FA4 /* 表情包素材1.jpg in Resources */ = {isa = PBXBuildFile; fileRef = 9B18475E26F09DB1003C4FA4 /* 表情包素材1.jpg */; };
		9B1847A926F1EEF7003C4FA4 /* 表情包素材7.gif in Resources */ = {isa = PBXBuildFile; fileRef = 9B1847A826F1EEF7003C4FA4 /* 表情包素材7.gif */; };
		9B1847AF26F2378A003C4FA4 /* UIImage+YCHUD.m in Sources */ = {isa = PBXBuildFile; fileRef = 9B1847AE26F2378A003C4FA4 /* UIImage+YCHUD.m */; };
		9B678D7726BEB7DA00483386 /* AppDelegate.m in Sources */ = {isa = PBXBuildFile; fileRef = 9B678D7626BEB7DA00483386 /* AppDelegate.m */; };
		9B678D7A26BEB7DA00483386 /* SceneDelegate.m in Sources */ = {isa = PBXBuildFile; fileRef = 9B678D7926BEB7DA00483386 /* SceneDelegate.m */; };
		9B678D7D26BEB7DA00483386 /* ChatsViewController.m in Sources */ = {isa = PBXBuildFile; fileRef = 9B678D7C26BEB7DA00483386 /* ChatsViewController.m */; };
		9B678D8226BEB7DC00483386 /* Assets.xcassets in Resources */ = {isa = PBXBuildFile; fileRef = 9B678D8126BEB7DC00483386 /* Assets.xcassets */; };
		9B678D8826BEB7DC00483386 /* main.m in Sources */ = {isa = PBXBuildFile; fileRef = 9B678D8726BEB7DC00483386 /* main.m */; };
		9B678D9226BEB7DC00483386 /* xxChatTests.m in Sources */ = {isa = PBXBuildFile; fileRef = 9B678D9126BEB7DC00483386 /* xxChatTests.m */; };
		9B678D9D26BEB7DC00483386 /* xxChatUITests.m in Sources */ = {isa = PBXBuildFile; fileRef = 9B678D9C26BEB7DC00483386 /* xxChatUITests.m */; };
		9B678DB126C157BF00483386 /* ContactsViewController.m in Sources */ = {isa = PBXBuildFile; fileRef = 9B678DB026C157BF00483386 /* ContactsViewController.m */; };
		9B678DB426C1595D00483386 /* DiscoverViewController.m in Sources */ = {isa = PBXBuildFile; fileRef = 9B678DB326C1595D00483386 /* DiscoverViewController.m */; };
		9B678DB726C1596600483386 /* MeViewController.m in Sources */ = {isa = PBXBuildFile; fileRef = 9B678DB626C1596600483386 /* MeViewController.m */; };
		9B678DBA26C1622300483386 /* LaunchScreen.storyboard in Resources */ = {isa = PBXBuildFile; fileRef = 9B678DB826C1622300483386 /* LaunchScreen.storyboard */; };
		9B678DBD26C162C700483386 /* Main.storyboard in Resources */ = {isa = PBXBuildFile; fileRef = 9B678DBC26C162C700483386 /* Main.storyboard */; };
		9B678DC026C2CE9200483386 /* InformationCell.m in Sources */ = {isa = PBXBuildFile; fileRef = 9B678DBF26C2CE9200483386 /* InformationCell.m */; };
		9B678DC626C3C1EF00483386 /* SelfInformationTableViewController.m in Sources */ = {isa = PBXBuildFile; fileRef = 9B678DC526C3C1EF00483386 /* SelfInformationTableViewController.m */; };
		9B678DC926C3D97C00483386 /* ChatCell.m in Sources */ = {isa = PBXBuildFile; fileRef = 9B678DC826C3D97C00483386 /* ChatCell.m */; };
		9B84E79F26E7A966006BDCCB /* MoreFunctionView.m in Sources */ = {isa = PBXBuildFile; fileRef = 9B84E79E26E7A966006BDCCB /* MoreFunctionView.m */; };
		9B84E7A226E7A9F2006BDCCB /* MoreFunctionSubView.m in Sources */ = {isa = PBXBuildFile; fileRef = 9B84E7A126E7A9F2006BDCCB /* MoreFunctionSubView.m */; };
		9B84E7A526E7AA3F006BDCCB /* MessageButton.m in Sources */ = {isa = PBXBuildFile; fileRef = 9B84E7A426E7AA3F006BDCCB /* MessageButton.m */; };
		9B84E7F326ECB65F006BDCCB /* UnreadRedPointView.m in Sources */ = {isa = PBXBuildFile; fileRef = 9B84E7F226ECB65F006BDCCB /* UnreadRedPointView.m */; };
		9BD29D7626CBF8F7002F7114 /* MessageViewController.m in Sources */ = {isa = PBXBuildFile; fileRef = 9BD29D7526CBF8F7002F7114 /* MessageViewController.m */; };
		9BD29D7926CBF949002F7114 /* Message.m in Sources */ = {isa = PBXBuildFile; fileRef = 9BD29D7826CBF949002F7114 /* Message.m */; };
		9BD29D7C26CBF985002F7114 /* MessageFrame.m in Sources */ = {isa = PBXBuildFile; fileRef = 9BD29D7B26CBF985002F7114 /* MessageFrame.m */; };
		9BD29D7F26CBFA2B002F7114 /* MessageCell.m in Sources */ = {isa = PBXBuildFile; fileRef = 9BD29D7E26CBFA2B002F7114 /* MessageCell.m */; };
		9BD29D8226CBFA6B002F7114 /* InputView.m in Sources */ = {isa = PBXBuildFile; fileRef = 9BD29D8126CBFA6B002F7114 /* InputView.m */; };
		A5EB6BAAED9F4D3A27992041 /* Pods_xxChat.framework in Frameworks */ = {isa = PBXBuildFile; fileRef = 1AFA0A68199639277E7A4574 /* Pods_xxChat.framework */; };
		A626533D26CA88000084050F /* VisitorViewController.m in Sources */ = {isa = PBXBuildFile; fileRef = A626533C26CA88000084050F /* VisitorViewController.m */; };
		A626534026CA88A30084050F /* LoginAndRegisterView.m in Sources */ = {isa = PBXBuildFile; fileRef = A626533F26CA88A30084050F /* LoginAndRegisterView.m */; };
		A626534226CA89060084050F /* SDAutoLayout.framework in Frameworks */ = {isa = PBXBuildFile; fileRef = A626534126CA89060084050F /* SDAutoLayout.framework */; };
		A626535D26E12C480084050F /* ContactCell.m in Sources */ = {isa = PBXBuildFile; fileRef = A626535C26E12C480084050F /* ContactCell.m */; };
		A626536026E12C860084050F /* FriendInvitationCell.m in Sources */ = {isa = PBXBuildFile; fileRef = A626535F26E12C860084050F /* FriendInvitationCell.m */; };
		A626536326E12CB50084050F /* SearchResultCell.m in Sources */ = {isa = PBXBuildFile; fileRef = A626536226E12CB50084050F /* SearchResultCell.m */; };
		A626536626E12CF30084050F /* MessageTableView.m in Sources */ = {isa = PBXBuildFile; fileRef = A626536526E12CF30084050F /* MessageTableView.m */; };
		A626536926E130280084050F /* AddViewController.m in Sources */ = {isa = PBXBuildFile; fileRef = A626536826E130280084050F /* AddViewController.m */; };
		A626536C26E130570084050F /* ChangeInfoViewController.m in Sources */ = {isa = PBXBuildFile; fileRef = A626536B26E130570084050F /* ChangeInfoViewController.m */; };
		A626536F26E130870084050F /* FriendInvitationViewController.m in Sources */ = {isa = PBXBuildFile; fileRef = A626536E26E130870084050F /* FriendInvitationViewController.m */; };
		A626537226E130C60084050F /* SearchInfomationController.m in Sources */ = {isa = PBXBuildFile; fileRef = A626537126E130C60084050F /* SearchInfomationController.m */; };
		A626537626E337560084050F /* UIImage+ChangeImage.m in Sources */ = {isa = PBXBuildFile; fileRef = A626537526E337560084050F /* UIImage+ChangeImage.m */; };
		A654FE0526C17DAC00DCE37C /* User.m in Sources */ = {isa = PBXBuildFile; fileRef = A654FE0426C17DAC00DCE37C /* User.m */; };
		A6C18C0F26ECD787005D5C63 /* ChangePasswordViewController.m in Sources */ = {isa = PBXBuildFile; fileRef = A6C18C0E26ECD787005D5C63 /* ChangePasswordViewController.m */; };
		A6C18C1326EF4773005D5C63 /* GroupViewController.m in Sources */ = {isa = PBXBuildFile; fileRef = A6C18C1226EF4773005D5C63 /* GroupViewController.m */; };
		A6C18C1826EF53DE005D5C63 /* FriendInfomationViewController.m in Sources */ = {isa = PBXBuildFile; fileRef = A6C18C1726EF53DE005D5C63 /* FriendInfomationViewController.m */; };
		A6C18C2A26FB459D005D5C63 /* NSString+Pinyin.m in Sources */ = {isa = PBXBuildFile; fileRef = A6C18C2926FB459D005D5C63 /* NSString+Pinyin.m */; };
		A6C18C2D26FB46DE005D5C63 /* CreateGroupViewController.m in Sources */ = {isa = PBXBuildFile; fileRef = A6C18C2C26FB46DE005D5C63 /* CreateGroupViewController.m */; };
		A6C18C3026FB4702005D5C63 /* SelectUserForGroupController.m in Sources */ = {isa = PBXBuildFile; fileRef = A6C18C2F26FB4702005D5C63 /* SelectUserForGroupController.m */; };
		A6C18C3326FB4737005D5C63 /* GroupNotificationViewController.m in Sources */ = {isa = PBXBuildFile; fileRef = A6C18C3226FB4737005D5C63 /* GroupNotificationViewController.m */; };
		A6C18C3626FB474B005D5C63 /* GroupInfomationViewController.m in Sources */ = {isa = PBXBuildFile; fileRef = A6C18C3526FB474B005D5C63 /* GroupInfomationViewController.m */; };
		D896ADF420D3A0455DCA96A1 /* Pods_xxChatTests.framework in Frameworks */ = {isa = PBXBuildFile; fileRef = 43E2D4B3588605E9F2AA7F96 /* Pods_xxChatTests.framework */; };
/* End PBXBuildFile section */

/* Begin PBXContainerItemProxy section */
		9B678D8E26BEB7DC00483386 /* PBXContainerItemProxy */ = {
			isa = PBXContainerItemProxy;
			containerPortal = 9B678D6A26BEB7DA00483386 /* Project object */;
			proxyType = 1;
			remoteGlobalIDString = 9B678D7126BEB7DA00483386;
			remoteInfo = xxChat;
		};
		9B678D9926BEB7DC00483386 /* PBXContainerItemProxy */ = {
			isa = PBXContainerItemProxy;
			containerPortal = 9B678D6A26BEB7DA00483386 /* Project object */;
			proxyType = 1;
			remoteGlobalIDString = 9B678D7126BEB7DA00483386;
			remoteInfo = xxChat;
		};
/* End PBXContainerItemProxy section */

/* Begin PBXFileReference section */
		1AFA0A68199639277E7A4574 /* Pods_xxChat.framework */ = {isa = PBXFileReference; explicitFileType = wrapper.framework; includeInIndex = 0; path = Pods_xxChat.framework; sourceTree = BUILT_PRODUCTS_DIR; };
		2382D83948623E5AF2F4FE11 /* Pods_xxChat_xxChatUITests.framework */ = {isa = PBXFileReference; explicitFileType = wrapper.framework; includeInIndex = 0; path = Pods_xxChat_xxChatUITests.framework; sourceTree = BUILT_PRODUCTS_DIR; };
		43E2D4B3588605E9F2AA7F96 /* Pods_xxChatTests.framework */ = {isa = PBXFileReference; explicitFileType = wrapper.framework; includeInIndex = 0; path = Pods_xxChatTests.framework; sourceTree = BUILT_PRODUCTS_DIR; };
		5187AB585ED6EE9660D223F3 /* Pods-xxChat.release.xcconfig */ = {isa = PBXFileReference; includeInIndex = 1; lastKnownFileType = text.xcconfig; name = "Pods-xxChat.release.xcconfig"; path = "Target Support Files/Pods-xxChat/Pods-xxChat.release.xcconfig"; sourceTree = "<group>"; };
		7AC191896647A878FD5CC96E /* Pods-xxChat.debug.xcconfig */ = {isa = PBXFileReference; includeInIndex = 1; lastKnownFileType = text.xcconfig; name = "Pods-xxChat.debug.xcconfig"; path = "Target Support Files/Pods-xxChat/Pods-xxChat.debug.xcconfig"; sourceTree = "<group>"; };
		9B18473626F08D15003C4FA4 /* EmojiCollectionViewCell.h */ = {isa = PBXFileReference; lastKnownFileType = sourcecode.c.h; path = EmojiCollectionViewCell.h; sourceTree = "<group>"; };
		9B18473726F08D15003C4FA4 /* EmojiCollectionViewCell.m */ = {isa = PBXFileReference; lastKnownFileType = sourcecode.c.objc; path = EmojiCollectionViewCell.m; sourceTree = "<group>"; };
		9B18473926F08D4F003C4FA4 /* EmojiView.h */ = {isa = PBXFileReference; lastKnownFileType = sourcecode.c.h; path = EmojiView.h; sourceTree = "<group>"; };
		9B18473A26F08D4F003C4FA4 /* EmojiView.m */ = {isa = PBXFileReference; lastKnownFileType = sourcecode.c.objc; path = EmojiView.m; sourceTree = "<group>"; };
		9B18473D26F08DC7003C4FA4 /* ImageCollectionViewCell.h */ = {isa = PBXFileReference; lastKnownFileType = sourcecode.c.h; path = ImageCollectionViewCell.h; sourceTree = "<group>"; };
		9B18473E26F08DC7003C4FA4 /* ImageCollectionViewCell.m */ = {isa = PBXFileReference; lastKnownFileType = sourcecode.c.objc; path = ImageCollectionViewCell.m; sourceTree = "<group>"; };
		9B18474026F08E0B003C4FA4 /* ImagePicker.h */ = {isa = PBXFileReference; lastKnownFileType = sourcecode.c.h; path = ImagePicker.h; sourceTree = "<group>"; };
		9B18474126F08E0B003C4FA4 /* ImagePicker.m */ = {isa = PBXFileReference; lastKnownFileType = sourcecode.c.objc; path = ImagePicker.m; sourceTree = "<group>"; };
		9B18474526F08EB9003C4FA4 /* 图片素材3.jpg */ = {isa = PBXFileReference; lastKnownFileType = image.jpeg; path = "图片素材3.jpg"; sourceTree = "<group>"; };
		9B18474626F08EB9003C4FA4 /* 图片素材8.jpg */ = {isa = PBXFileReference; lastKnownFileType = image.jpeg; path = "图片素材8.jpg"; sourceTree = "<group>"; };
		9B18474726F08EB9003C4FA4 /* 图片素材5.jpg */ = {isa = PBXFileReference; lastKnownFileType = image.jpeg; path = "图片素材5.jpg"; sourceTree = "<group>"; };
		9B18474826F08EB9003C4FA4 /* 图片素材6.jpg */ = {isa = PBXFileReference; lastKnownFileType = image.jpeg; path = "图片素材6.jpg"; sourceTree = "<group>"; };
		9B18474926F08EB9003C4FA4 /* 图片素材1.jpg */ = {isa = PBXFileReference; lastKnownFileType = image.jpeg; path = "图片素材1.jpg"; sourceTree = "<group>"; };
		9B18474A26F08EB9003C4FA4 /* 图片素材2.jpg */ = {isa = PBXFileReference; lastKnownFileType = image.jpeg; path = "图片素材2.jpg"; sourceTree = "<group>"; };
		9B18474B26F08EB9003C4FA4 /* 图片素材7.jpg */ = {isa = PBXFileReference; lastKnownFileType = image.jpeg; path = "图片素材7.jpg"; sourceTree = "<group>"; };
		9B18474C26F08EB9003C4FA4 /* 图片素材4.jpg */ = {isa = PBXFileReference; lastKnownFileType = image.jpeg; path = "图片素材4.jpg"; sourceTree = "<group>"; };
		9B18475526F092C4003C4FA4 /* UITabBar+RedPoint.h */ = {isa = PBXFileReference; lastKnownFileType = sourcecode.c.h; path = "UITabBar+RedPoint.h"; sourceTree = "<group>"; };
		9B18475626F092C4003C4FA4 /* UITabBar+RedPoint.m */ = {isa = PBXFileReference; lastKnownFileType = sourcecode.c.objc; path = "UITabBar+RedPoint.m"; sourceTree = "<group>"; };
		9B18475926F09DB1003C4FA4 /* 表情包素材5.jpg */ = {isa = PBXFileReference; lastKnownFileType = image.jpeg; path = "表情包素材5.jpg"; sourceTree = "<group>"; };
		9B18475A26F09DB1003C4FA4 /* 表情包素材6.jpg */ = {isa = PBXFileReference; lastKnownFileType = image.jpeg; path = "表情包素材6.jpg"; sourceTree = "<group>"; };
		9B18475B26F09DB1003C4FA4 /* 表情包素材4.jpg */ = {isa = PBXFileReference; lastKnownFileType = image.jpeg; path = "表情包素材4.jpg"; sourceTree = "<group>"; };
		9B18475C26F09DB1003C4FA4 /* 表情包素材2.jpg */ = {isa = PBXFileReference; lastKnownFileType = image.jpeg; path = "表情包素材2.jpg"; sourceTree = "<group>"; };
		9B18475D26F09DB1003C4FA4 /* 表情包素材3.jpg */ = {isa = PBXFileReference; lastKnownFileType = image.jpeg; path = "表情包素材3.jpg"; sourceTree = "<group>"; };
		9B18475E26F09DB1003C4FA4 /* 表情包素材1.jpg */ = {isa = PBXFileReference; lastKnownFileType = image.jpeg; path = "表情包素材1.jpg"; sourceTree = "<group>"; };
		9B1847A826F1EEF7003C4FA4 /* 表情包素材7.gif */ = {isa = PBXFileReference; lastKnownFileType = image.gif; path = "表情包素材7.gif"; sourceTree = "<group>"; };
		9B1847AD26F2378A003C4FA4 /* UIImage+YCHUD.h */ = {isa = PBXFileReference; lastKnownFileType = sourcecode.c.h; path = "UIImage+YCHUD.h"; sourceTree = "<group>"; };
		9B1847AE26F2378A003C4FA4 /* UIImage+YCHUD.m */ = {isa = PBXFileReference; lastKnownFileType = sourcecode.c.objc; path = "UIImage+YCHUD.m"; sourceTree = "<group>"; };
		9B678D7226BEB7DA00483386 /* xxChat.app */ = {isa = PBXFileReference; explicitFileType = wrapper.application; includeInIndex = 0; path = xxChat.app; sourceTree = BUILT_PRODUCTS_DIR; };
		9B678D7526BEB7DA00483386 /* AppDelegate.h */ = {isa = PBXFileReference; lastKnownFileType = sourcecode.c.h; path = AppDelegate.h; sourceTree = "<group>"; };
		9B678D7626BEB7DA00483386 /* AppDelegate.m */ = {isa = PBXFileReference; lastKnownFileType = sourcecode.c.objc; path = AppDelegate.m; sourceTree = "<group>"; };
		9B678D7826BEB7DA00483386 /* SceneDelegate.h */ = {isa = PBXFileReference; lastKnownFileType = sourcecode.c.h; path = SceneDelegate.h; sourceTree = "<group>"; };
		9B678D7926BEB7DA00483386 /* SceneDelegate.m */ = {isa = PBXFileReference; lastKnownFileType = sourcecode.c.objc; path = SceneDelegate.m; sourceTree = "<group>"; };
		9B678D7B26BEB7DA00483386 /* ChatsViewController.h */ = {isa = PBXFileReference; lastKnownFileType = sourcecode.c.h; path = ChatsViewController.h; sourceTree = "<group>"; };
		9B678D7C26BEB7DA00483386 /* ChatsViewController.m */ = {isa = PBXFileReference; lastKnownFileType = sourcecode.c.objc; path = ChatsViewController.m; sourceTree = "<group>"; };
		9B678D8126BEB7DC00483386 /* Assets.xcassets */ = {isa = PBXFileReference; lastKnownFileType = folder.assetcatalog; path = Assets.xcassets; sourceTree = "<group>"; };
		9B678D8626BEB7DC00483386 /* Info.plist */ = {isa = PBXFileReference; lastKnownFileType = text.plist.xml; path = Info.plist; sourceTree = "<group>"; };
		9B678D8726BEB7DC00483386 /* main.m */ = {isa = PBXFileReference; lastKnownFileType = sourcecode.c.objc; path = main.m; sourceTree = "<group>"; };
		9B678D8D26BEB7DC00483386 /* xxChatTests.xctest */ = {isa = PBXFileReference; explicitFileType = wrapper.cfbundle; includeInIndex = 0; path = xxChatTests.xctest; sourceTree = BUILT_PRODUCTS_DIR; };
		9B678D9126BEB7DC00483386 /* xxChatTests.m */ = {isa = PBXFileReference; lastKnownFileType = sourcecode.c.objc; path = xxChatTests.m; sourceTree = "<group>"; };
		9B678D9326BEB7DC00483386 /* Info.plist */ = {isa = PBXFileReference; lastKnownFileType = text.plist.xml; path = Info.plist; sourceTree = "<group>"; };
		9B678D9826BEB7DC00483386 /* xxChatUITests.xctest */ = {isa = PBXFileReference; explicitFileType = wrapper.cfbundle; includeInIndex = 0; path = xxChatUITests.xctest; sourceTree = BUILT_PRODUCTS_DIR; };
		9B678D9C26BEB7DC00483386 /* xxChatUITests.m */ = {isa = PBXFileReference; lastKnownFileType = sourcecode.c.objc; path = xxChatUITests.m; sourceTree = "<group>"; };
		9B678D9E26BEB7DC00483386 /* Info.plist */ = {isa = PBXFileReference; lastKnownFileType = text.plist.xml; path = Info.plist; sourceTree = "<group>"; };
		9B678DAF26C157BF00483386 /* ContactsViewController.h */ = {isa = PBXFileReference; lastKnownFileType = sourcecode.c.h; path = ContactsViewController.h; sourceTree = "<group>"; };
		9B678DB026C157BF00483386 /* ContactsViewController.m */ = {isa = PBXFileReference; lastKnownFileType = sourcecode.c.objc; path = ContactsViewController.m; sourceTree = "<group>"; };
		9B678DB226C1595D00483386 /* DiscoverViewController.h */ = {isa = PBXFileReference; lastKnownFileType = sourcecode.c.h; path = DiscoverViewController.h; sourceTree = "<group>"; };
		9B678DB326C1595D00483386 /* DiscoverViewController.m */ = {isa = PBXFileReference; lastKnownFileType = sourcecode.c.objc; path = DiscoverViewController.m; sourceTree = "<group>"; };
		9B678DB526C1596600483386 /* MeViewController.h */ = {isa = PBXFileReference; lastKnownFileType = sourcecode.c.h; path = MeViewController.h; sourceTree = "<group>"; };
		9B678DB626C1596600483386 /* MeViewController.m */ = {isa = PBXFileReference; lastKnownFileType = sourcecode.c.objc; path = MeViewController.m; sourceTree = "<group>"; };
		9B678DB826C1622300483386 /* LaunchScreen.storyboard */ = {isa = PBXFileReference; fileEncoding = 4; lastKnownFileType = file.storyboard; path = LaunchScreen.storyboard; sourceTree = "<group>"; };
		9B678DBC26C162C700483386 /* Main.storyboard */ = {isa = PBXFileReference; fileEncoding = 4; lastKnownFileType = file.storyboard; path = Main.storyboard; sourceTree = "<group>"; };
		9B678DBE26C2CE9200483386 /* InformationCell.h */ = {isa = PBXFileReference; lastKnownFileType = sourcecode.c.h; path = InformationCell.h; sourceTree = "<group>"; };
		9B678DBF26C2CE9200483386 /* InformationCell.m */ = {isa = PBXFileReference; lastKnownFileType = sourcecode.c.objc; path = InformationCell.m; sourceTree = "<group>"; };
		9B678DC426C3C1EF00483386 /* SelfInformationTableViewController.h */ = {isa = PBXFileReference; lastKnownFileType = sourcecode.c.h; path = SelfInformationTableViewController.h; sourceTree = "<group>"; };
		9B678DC526C3C1EF00483386 /* SelfInformationTableViewController.m */ = {isa = PBXFileReference; lastKnownFileType = sourcecode.c.objc; path = SelfInformationTableViewController.m; sourceTree = "<group>"; };
		9B678DC726C3D97C00483386 /* ChatCell.h */ = {isa = PBXFileReference; lastKnownFileType = sourcecode.c.h; path = ChatCell.h; sourceTree = "<group>"; };
		9B678DC826C3D97C00483386 /* ChatCell.m */ = {isa = PBXFileReference; lastKnownFileType = sourcecode.c.objc; path = ChatCell.m; sourceTree = "<group>"; };
		9B84E79D26E7A966006BDCCB /* MoreFunctionView.h */ = {isa = PBXFileReference; lastKnownFileType = sourcecode.c.h; path = MoreFunctionView.h; sourceTree = "<group>"; };
		9B84E79E26E7A966006BDCCB /* MoreFunctionView.m */ = {isa = PBXFileReference; lastKnownFileType = sourcecode.c.objc; path = MoreFunctionView.m; sourceTree = "<group>"; };
		9B84E7A026E7A9F2006BDCCB /* MoreFunctionSubView.h */ = {isa = PBXFileReference; lastKnownFileType = sourcecode.c.h; path = MoreFunctionSubView.h; sourceTree = "<group>"; };
		9B84E7A126E7A9F2006BDCCB /* MoreFunctionSubView.m */ = {isa = PBXFileReference; lastKnownFileType = sourcecode.c.objc; path = MoreFunctionSubView.m; sourceTree = "<group>"; };
		9B84E7A326E7AA3F006BDCCB /* MessageButton.h */ = {isa = PBXFileReference; lastKnownFileType = sourcecode.c.h; path = MessageButton.h; sourceTree = "<group>"; };
		9B84E7A426E7AA3F006BDCCB /* MessageButton.m */ = {isa = PBXFileReference; lastKnownFileType = sourcecode.c.objc; path = MessageButton.m; sourceTree = "<group>"; };
		9B84E7F126ECB65F006BDCCB /* UnreadRedPointView.h */ = {isa = PBXFileReference; lastKnownFileType = sourcecode.c.h; path = UnreadRedPointView.h; sourceTree = "<group>"; };
		9B84E7F226ECB65F006BDCCB /* UnreadRedPointView.m */ = {isa = PBXFileReference; lastKnownFileType = sourcecode.c.objc; path = UnreadRedPointView.m; sourceTree = "<group>"; };
		9BD29D7426CBF8F7002F7114 /* MessageViewController.h */ = {isa = PBXFileReference; lastKnownFileType = sourcecode.c.h; path = MessageViewController.h; sourceTree = "<group>"; };
		9BD29D7526CBF8F7002F7114 /* MessageViewController.m */ = {isa = PBXFileReference; lastKnownFileType = sourcecode.c.objc; path = MessageViewController.m; sourceTree = "<group>"; };
		9BD29D7726CBF949002F7114 /* Message.h */ = {isa = PBXFileReference; lastKnownFileType = sourcecode.c.h; path = Message.h; sourceTree = "<group>"; };
		9BD29D7826CBF949002F7114 /* Message.m */ = {isa = PBXFileReference; lastKnownFileType = sourcecode.c.objc; path = Message.m; sourceTree = "<group>"; };
		9BD29D7A26CBF985002F7114 /* MessageFrame.h */ = {isa = PBXFileReference; lastKnownFileType = sourcecode.c.h; path = MessageFrame.h; sourceTree = "<group>"; };
		9BD29D7B26CBF985002F7114 /* MessageFrame.m */ = {isa = PBXFileReference; lastKnownFileType = sourcecode.c.objc; path = MessageFrame.m; sourceTree = "<group>"; };
		9BD29D7D26CBFA2B002F7114 /* MessageCell.h */ = {isa = PBXFileReference; lastKnownFileType = sourcecode.c.h; path = MessageCell.h; sourceTree = "<group>"; };
		9BD29D7E26CBFA2B002F7114 /* MessageCell.m */ = {isa = PBXFileReference; lastKnownFileType = sourcecode.c.objc; path = MessageCell.m; sourceTree = "<group>"; };
		9BD29D8026CBFA6B002F7114 /* InputView.h */ = {isa = PBXFileReference; lastKnownFileType = sourcecode.c.h; path = InputView.h; sourceTree = "<group>"; };
		9BD29D8126CBFA6B002F7114 /* InputView.m */ = {isa = PBXFileReference; lastKnownFileType = sourcecode.c.objc; path = InputView.m; sourceTree = "<group>"; };
		A626533B26CA88000084050F /* VisitorViewController.h */ = {isa = PBXFileReference; lastKnownFileType = sourcecode.c.h; path = VisitorViewController.h; sourceTree = "<group>"; };
		A626533C26CA88000084050F /* VisitorViewController.m */ = {isa = PBXFileReference; lastKnownFileType = sourcecode.c.objc; path = VisitorViewController.m; sourceTree = "<group>"; };
		A626533E26CA88A30084050F /* LoginAndRegisterView.h */ = {isa = PBXFileReference; lastKnownFileType = sourcecode.c.h; path = LoginAndRegisterView.h; sourceTree = "<group>"; };
		A626533F26CA88A30084050F /* LoginAndRegisterView.m */ = {isa = PBXFileReference; lastKnownFileType = sourcecode.c.objc; path = LoginAndRegisterView.m; sourceTree = "<group>"; };
		A626534126CA89060084050F /* SDAutoLayout.framework */ = {isa = PBXFileReference; explicitFileType = wrapper.framework; path = SDAutoLayout.framework; sourceTree = BUILT_PRODUCTS_DIR; };
		A626534526CAAEB30084050F /* xxChatDelegate.h */ = {isa = PBXFileReference; lastKnownFileType = sourcecode.c.h; path = xxChatDelegate.h; sourceTree = "<group>"; };
		A626535B26E12C480084050F /* ContactCell.h */ = {isa = PBXFileReference; lastKnownFileType = sourcecode.c.h; path = ContactCell.h; sourceTree = "<group>"; };
		A626535C26E12C480084050F /* ContactCell.m */ = {isa = PBXFileReference; lastKnownFileType = sourcecode.c.objc; path = ContactCell.m; sourceTree = "<group>"; };
		A626535E26E12C860084050F /* FriendInvitationCell.h */ = {isa = PBXFileReference; lastKnownFileType = sourcecode.c.h; path = FriendInvitationCell.h; sourceTree = "<group>"; };
		A626535F26E12C860084050F /* FriendInvitationCell.m */ = {isa = PBXFileReference; lastKnownFileType = sourcecode.c.objc; path = FriendInvitationCell.m; sourceTree = "<group>"; };
		A626536126E12CB50084050F /* SearchResultCell.h */ = {isa = PBXFileReference; lastKnownFileType = sourcecode.c.h; path = SearchResultCell.h; sourceTree = "<group>"; };
		A626536226E12CB50084050F /* SearchResultCell.m */ = {isa = PBXFileReference; lastKnownFileType = sourcecode.c.objc; path = SearchResultCell.m; sourceTree = "<group>"; };
		A626536426E12CF30084050F /* MessageTableView.h */ = {isa = PBXFileReference; lastKnownFileType = sourcecode.c.h; path = MessageTableView.h; sourceTree = "<group>"; };
		A626536526E12CF30084050F /* MessageTableView.m */ = {isa = PBXFileReference; lastKnownFileType = sourcecode.c.objc; path = MessageTableView.m; sourceTree = "<group>"; };
		A626536726E130280084050F /* AddViewController.h */ = {isa = PBXFileReference; lastKnownFileType = sourcecode.c.h; path = AddViewController.h; sourceTree = "<group>"; };
		A626536826E130280084050F /* AddViewController.m */ = {isa = PBXFileReference; lastKnownFileType = sourcecode.c.objc; path = AddViewController.m; sourceTree = "<group>"; };
		A626536A26E130570084050F /* ChangeInfoViewController.h */ = {isa = PBXFileReference; lastKnownFileType = sourcecode.c.h; path = ChangeInfoViewController.h; sourceTree = "<group>"; };
		A626536B26E130570084050F /* ChangeInfoViewController.m */ = {isa = PBXFileReference; lastKnownFileType = sourcecode.c.objc; path = ChangeInfoViewController.m; sourceTree = "<group>"; };
		A626536D26E130870084050F /* FriendInvitationViewController.h */ = {isa = PBXFileReference; lastKnownFileType = sourcecode.c.h; path = FriendInvitationViewController.h; sourceTree = "<group>"; };
		A626536E26E130870084050F /* FriendInvitationViewController.m */ = {isa = PBXFileReference; lastKnownFileType = sourcecode.c.objc; path = FriendInvitationViewController.m; sourceTree = "<group>"; };
		A626537026E130C60084050F /* SearchInfomationController.h */ = {isa = PBXFileReference; lastKnownFileType = sourcecode.c.h; path = SearchInfomationController.h; sourceTree = "<group>"; };
		A626537126E130C60084050F /* SearchInfomationController.m */ = {isa = PBXFileReference; lastKnownFileType = sourcecode.c.objc; path = SearchInfomationController.m; sourceTree = "<group>"; };
		A626537426E337560084050F /* UIImage+ChangeImage.h */ = {isa = PBXFileReference; lastKnownFileType = sourcecode.c.h; path = "UIImage+ChangeImage.h"; sourceTree = "<group>"; };
		A626537526E337560084050F /* UIImage+ChangeImage.m */ = {isa = PBXFileReference; lastKnownFileType = sourcecode.c.objc; path = "UIImage+ChangeImage.m"; sourceTree = "<group>"; };
		A654FE0326C17DAC00DCE37C /* User.h */ = {isa = PBXFileReference; lastKnownFileType = sourcecode.c.h; path = User.h; sourceTree = "<group>"; };
		A654FE0426C17DAC00DCE37C /* User.m */ = {isa = PBXFileReference; lastKnownFileType = sourcecode.c.objc; path = User.m; sourceTree = "<group>"; };
		A6C18C0D26ECD787005D5C63 /* ChangePasswordViewController.h */ = {isa = PBXFileReference; lastKnownFileType = sourcecode.c.h; path = ChangePasswordViewController.h; sourceTree = "<group>"; };
		A6C18C0E26ECD787005D5C63 /* ChangePasswordViewController.m */ = {isa = PBXFileReference; lastKnownFileType = sourcecode.c.objc; path = ChangePasswordViewController.m; sourceTree = "<group>"; };
		A6C18C1126EF4773005D5C63 /* GroupViewController.h */ = {isa = PBXFileReference; lastKnownFileType = sourcecode.c.h; path = GroupViewController.h; sourceTree = "<group>"; };
		A6C18C1226EF4773005D5C63 /* GroupViewController.m */ = {isa = PBXFileReference; lastKnownFileType = sourcecode.c.objc; path = GroupViewController.m; sourceTree = "<group>"; };
		A6C18C1626EF53DE005D5C63 /* FriendInfomationViewController.h */ = {isa = PBXFileReference; lastKnownFileType = sourcecode.c.h; path = FriendInfomationViewController.h; sourceTree = "<group>"; };
		A6C18C1726EF53DE005D5C63 /* FriendInfomationViewController.m */ = {isa = PBXFileReference; lastKnownFileType = sourcecode.c.objc; path = FriendInfomationViewController.m; sourceTree = "<group>"; };
		A6C18C2826FB459D005D5C63 /* NSString+Pinyin.h */ = {isa = PBXFileReference; lastKnownFileType = sourcecode.c.h; path = "NSString+Pinyin.h"; sourceTree = "<group>"; };
		A6C18C2926FB459D005D5C63 /* NSString+Pinyin.m */ = {isa = PBXFileReference; lastKnownFileType = sourcecode.c.objc; path = "NSString+Pinyin.m"; sourceTree = "<group>"; };
		A6C18C2B26FB46DE005D5C63 /* CreateGroupViewController.h */ = {isa = PBXFileReference; lastKnownFileType = sourcecode.c.h; path = CreateGroupViewController.h; sourceTree = "<group>"; };
		A6C18C2C26FB46DE005D5C63 /* CreateGroupViewController.m */ = {isa = PBXFileReference; lastKnownFileType = sourcecode.c.objc; path = CreateGroupViewController.m; sourceTree = "<group>"; };
		A6C18C2E26FB4702005D5C63 /* SelectUserForGroupController.h */ = {isa = PBXFileReference; lastKnownFileType = sourcecode.c.h; path = SelectUserForGroupController.h; sourceTree = "<group>"; };
		A6C18C2F26FB4702005D5C63 /* SelectUserForGroupController.m */ = {isa = PBXFileReference; lastKnownFileType = sourcecode.c.objc; path = SelectUserForGroupController.m; sourceTree = "<group>"; };
		A6C18C3126FB4737005D5C63 /* GroupNotificationViewController.h */ = {isa = PBXFileReference; lastKnownFileType = sourcecode.c.h; path = GroupNotificationViewController.h; sourceTree = "<group>"; };
		A6C18C3226FB4737005D5C63 /* GroupNotificationViewController.m */ = {isa = PBXFileReference; lastKnownFileType = sourcecode.c.objc; path = GroupNotificationViewController.m; sourceTree = "<group>"; };
		A6C18C3426FB474B005D5C63 /* GroupInfomationViewController.h */ = {isa = PBXFileReference; lastKnownFileType = sourcecode.c.h; path = GroupInfomationViewController.h; sourceTree = "<group>"; };
		A6C18C3526FB474B005D5C63 /* GroupInfomationViewController.m */ = {isa = PBXFileReference; lastKnownFileType = sourcecode.c.objc; path = GroupInfomationViewController.m; sourceTree = "<group>"; };
		A9BFB7ADCDC74788E2CD01FE /* Pods-xxChat-xxChatUITests.release.xcconfig */ = {isa = PBXFileReference; includeInIndex = 1; lastKnownFileType = text.xcconfig; name = "Pods-xxChat-xxChatUITests.release.xcconfig"; path = "Target Support Files/Pods-xxChat-xxChatUITests/Pods-xxChat-xxChatUITests.release.xcconfig"; sourceTree = "<group>"; };
		BED5FCBB519A9BE3680A35D3 /* Pods-xxChat-xxChatUITests.debug.xcconfig */ = {isa = PBXFileReference; includeInIndex = 1; lastKnownFileType = text.xcconfig; name = "Pods-xxChat-xxChatUITests.debug.xcconfig"; path = "Target Support Files/Pods-xxChat-xxChatUITests/Pods-xxChat-xxChatUITests.debug.xcconfig"; sourceTree = "<group>"; };
		CA19132E76973E48485A7738 /* Pods-xxChatTests.debug.xcconfig */ = {isa = PBXFileReference; includeInIndex = 1; lastKnownFileType = text.xcconfig; name = "Pods-xxChatTests.debug.xcconfig"; path = "Target Support Files/Pods-xxChatTests/Pods-xxChatTests.debug.xcconfig"; sourceTree = "<group>"; };
		CA8FF227A41988C99A0CA7B1 /* Pods-xxChatTests.release.xcconfig */ = {isa = PBXFileReference; includeInIndex = 1; lastKnownFileType = text.xcconfig; name = "Pods-xxChatTests.release.xcconfig"; path = "Target Support Files/Pods-xxChatTests/Pods-xxChatTests.release.xcconfig"; sourceTree = "<group>"; };
/* End PBXFileReference section */

/* Begin PBXFrameworksBuildPhase section */
		9B678D6F26BEB7DA00483386 /* Frameworks */ = {
			isa = PBXFrameworksBuildPhase;
			buildActionMask = 2147483647;
			files = (
				A626534226CA89060084050F /* SDAutoLayout.framework in Frameworks */,
				A5EB6BAAED9F4D3A27992041 /* Pods_xxChat.framework in Frameworks */,
			);
			runOnlyForDeploymentPostprocessing = 0;
		};
		9B678D8A26BEB7DC00483386 /* Frameworks */ = {
			isa = PBXFrameworksBuildPhase;
			buildActionMask = 2147483647;
			files = (
				D896ADF420D3A0455DCA96A1 /* Pods_xxChatTests.framework in Frameworks */,
			);
			runOnlyForDeploymentPostprocessing = 0;
		};
		9B678D9526BEB7DC00483386 /* Frameworks */ = {
			isa = PBXFrameworksBuildPhase;
			buildActionMask = 2147483647;
			files = (
				895E512A6F2E81418116D248 /* Pods_xxChat_xxChatUITests.framework in Frameworks */,
			);
			runOnlyForDeploymentPostprocessing = 0;
		};
/* End PBXFrameworksBuildPhase section */

/* Begin PBXGroup section */
		13A7451A1AC0D362B57FBC02 /* Pods */ = {
			isa = PBXGroup;
			children = (
				7AC191896647A878FD5CC96E /* Pods-xxChat.debug.xcconfig */,
				5187AB585ED6EE9660D223F3 /* Pods-xxChat.release.xcconfig */,
				BED5FCBB519A9BE3680A35D3 /* Pods-xxChat-xxChatUITests.debug.xcconfig */,
				A9BFB7ADCDC74788E2CD01FE /* Pods-xxChat-xxChatUITests.release.xcconfig */,
				CA19132E76973E48485A7738 /* Pods-xxChatTests.debug.xcconfig */,
				CA8FF227A41988C99A0CA7B1 /* Pods-xxChatTests.release.xcconfig */,
			);
			path = Pods;
			sourceTree = "<group>";
		};
		9B18473C26F08D8E003C4FA4 /* ImagePicker */ = {
			isa = PBXGroup;
			children = (
				9B18473D26F08DC7003C4FA4 /* ImageCollectionViewCell.h */,
				9B18473E26F08DC7003C4FA4 /* ImageCollectionViewCell.m */,
				9B18474026F08E0B003C4FA4 /* ImagePicker.h */,
				9B18474126F08E0B003C4FA4 /* ImagePicker.m */,
			);
			path = ImagePicker;
			sourceTree = "<group>";
		};
		9B18474326F08E96003C4FA4 /* 图片素材 */ = {
			isa = PBXGroup;
			children = (
				9B18475826F09D9F003C4FA4 /* 表情包素材 */,
				9B18474426F08EA4003C4FA4 /* 相片素材 */,
			);
			path = "图片素材";
			sourceTree = "<group>";
		};
		9B18474426F08EA4003C4FA4 /* 相片素材 */ = {
			isa = PBXGroup;
			children = (
				9B18474926F08EB9003C4FA4 /* 图片素材1.jpg */,
				9B18474A26F08EB9003C4FA4 /* 图片素材2.jpg */,
				9B18474526F08EB9003C4FA4 /* 图片素材3.jpg */,
				9B18474C26F08EB9003C4FA4 /* 图片素材4.jpg */,
				9B18474726F08EB9003C4FA4 /* 图片素材5.jpg */,
				9B18474826F08EB9003C4FA4 /* 图片素材6.jpg */,
				9B18474B26F08EB9003C4FA4 /* 图片素材7.jpg */,
				9B18474626F08EB9003C4FA4 /* 图片素材8.jpg */,
			);
			path = "相片素材";
			sourceTree = "<group>";
		};
		9B18475826F09D9F003C4FA4 /* 表情包素材 */ = {
			isa = PBXGroup;
			children = (
				9B18475E26F09DB1003C4FA4 /* 表情包素材1.jpg */,
				9B18475C26F09DB1003C4FA4 /* 表情包素材2.jpg */,
				9B18475D26F09DB1003C4FA4 /* 表情包素材3.jpg */,
				9B18475B26F09DB1003C4FA4 /* 表情包素材4.jpg */,
				9B18475926F09DB1003C4FA4 /* 表情包素材5.jpg */,
				9B18475A26F09DB1003C4FA4 /* 表情包素材6.jpg */,
				9B1847A826F1EEF7003C4FA4 /* 表情包素材7.gif */,
			);
			path = "表情包素材";
			sourceTree = "<group>";
		};
		9B678D6926BEB7DA00483386 = {
			isa = PBXGroup;
			children = (
				9B678D7426BEB7DA00483386 /* xxChat */,
				9B678D9026BEB7DC00483386 /* xxChatTests */,
				9B678D9B26BEB7DC00483386 /* xxChatUITests */,
				9B678D7326BEB7DA00483386 /* Products */,
				13A7451A1AC0D362B57FBC02 /* Pods */,
				D74B04689037BD42BFACAA24 /* Frameworks */,
			);
			sourceTree = "<group>";
		};
		9B678D7326BEB7DA00483386 /* Products */ = {
			isa = PBXGroup;
			children = (
				9B678D7226BEB7DA00483386 /* xxChat.app */,
				9B678D8D26BEB7DC00483386 /* xxChatTests.xctest */,
				9B678D9826BEB7DC00483386 /* xxChatUITests.xctest */,
			);
			name = Products;
			sourceTree = "<group>";
		};
		9B678D7426BEB7DA00483386 /* xxChat */ = {
			isa = PBXGroup;
			children = (
				9B18474326F08E96003C4FA4 /* 图片素材 */,
				A626537326E135150084050F /* Categorys */,
				A626534426CAAE720084050F /* Protocols */,
				A654FE0226C17D5400DCE37C /* Views */,
				9B678DAC26C155EB00483386 /* Others */,
				9B678DAB26C155DE00483386 /* Controllers */,
				A654FE0126C17D3F00DCE37C /* Models */,
				9B678D8126BEB7DC00483386 /* Assets.xcassets */,
				9B678D8626BEB7DC00483386 /* Info.plist */,
				9B678D8726BEB7DC00483386 /* main.m */,
				9B678DB826C1622300483386 /* LaunchScreen.storyboard */,
				9B678DBC26C162C700483386 /* Main.storyboard */,
			);
			path = xxChat;
			sourceTree = "<group>";
		};
		9B678D9026BEB7DC00483386 /* xxChatTests */ = {
			isa = PBXGroup;
			children = (
				9B678D9126BEB7DC00483386 /* xxChatTests.m */,
				9B678D9326BEB7DC00483386 /* Info.plist */,
			);
			path = xxChatTests;
			sourceTree = "<group>";
		};
		9B678D9B26BEB7DC00483386 /* xxChatUITests */ = {
			isa = PBXGroup;
			children = (
				9B678D9C26BEB7DC00483386 /* xxChatUITests.m */,
				9B678D9E26BEB7DC00483386 /* Info.plist */,
			);
			path = xxChatUITests;
			sourceTree = "<group>";
		};
		9B678DAB26C155DE00483386 /* Controllers */ = {
			isa = PBXGroup;
			children = (
				A6C18C1526EF479F005D5C63 /* AboutFriendControllers */,
				A6C18C1426EF477A005D5C63 /* AboutGroupControllers */,
				A6C18C0C26ECD6D2005D5C63 /* FourMainControllers */,
				9BD29D7426CBF8F7002F7114 /* MessageViewController.h */,
				9BD29D7526CBF8F7002F7114 /* MessageViewController.m */,
				9B678DC426C3C1EF00483386 /* SelfInformationTableViewController.h */,
				9B678DC526C3C1EF00483386 /* SelfInformationTableViewController.m */,
				A626536A26E130570084050F /* ChangeInfoViewController.h */,
				A626536B26E130570084050F /* ChangeInfoViewController.m */,
				A626533B26CA88000084050F /* VisitorViewController.h */,
				A626533C26CA88000084050F /* VisitorViewController.m */,
				A6C18C0D26ECD787005D5C63 /* ChangePasswordViewController.h */,
				A6C18C0E26ECD787005D5C63 /* ChangePasswordViewController.m */,
			);
			path = Controllers;
			sourceTree = "<group>";
		};
		9B678DAC26C155EB00483386 /* Others */ = {
			isa = PBXGroup;
			children = (
				9B678D7526BEB7DA00483386 /* AppDelegate.h */,
				9B678D7626BEB7DA00483386 /* AppDelegate.m */,
				9B678D7826BEB7DA00483386 /* SceneDelegate.h */,
				9B678D7926BEB7DA00483386 /* SceneDelegate.m */,
			);
			path = Others;
			sourceTree = "<group>";
		};
		9B84E7A626E85A2E006BDCCB /* InputView */ = {
			isa = PBXGroup;
			children = (
				9BD29D8026CBFA6B002F7114 /* InputView.h */,
				9BD29D8126CBFA6B002F7114 /* InputView.m */,
				9B84E79D26E7A966006BDCCB /* MoreFunctionView.h */,
				9B84E79E26E7A966006BDCCB /* MoreFunctionView.m */,
				9B84E7A026E7A9F2006BDCCB /* MoreFunctionSubView.h */,
				9B84E7A126E7A9F2006BDCCB /* MoreFunctionSubView.m */,
				9B18473626F08D15003C4FA4 /* EmojiCollectionViewCell.h */,
				9B18473726F08D15003C4FA4 /* EmojiCollectionViewCell.m */,
				9B18473926F08D4F003C4FA4 /* EmojiView.h */,
				9B18473A26F08D4F003C4FA4 /* EmojiView.m */,
			);
			path = InputView;
			sourceTree = "<group>";
		};
		9B84E7A726E85A6B006BDCCB /* MessageTable */ = {
			isa = PBXGroup;
			children = (
				A626536426E12CF30084050F /* MessageTableView.h */,
				A626536526E12CF30084050F /* MessageTableView.m */,
				9BD29D7D26CBFA2B002F7114 /* MessageCell.h */,
				9BD29D7E26CBFA2B002F7114 /* MessageCell.m */,
				9B84E7A326E7AA3F006BDCCB /* MessageButton.h */,
				9B84E7A426E7AA3F006BDCCB /* MessageButton.m */,
			);
			path = MessageTable;
			sourceTree = "<group>";
		};
		9B84E7F426ECB665006BDCCB /* ChatTable */ = {
			isa = PBXGroup;
			children = (
				9B678DC726C3D97C00483386 /* ChatCell.h */,
				9B678DC826C3D97C00483386 /* ChatCell.m */,
				9B84E7F126ECB65F006BDCCB /* UnreadRedPointView.h */,
				9B84E7F226ECB65F006BDCCB /* UnreadRedPointView.m */,
			);
			path = ChatTable;
			sourceTree = "<group>";
		};
		A626534426CAAE720084050F /* Protocols */ = {
			isa = PBXGroup;
			children = (
				A626534526CAAEB30084050F /* xxChatDelegate.h */,
			);
			path = Protocols;
			sourceTree = "<group>";
		};
		A626537326E135150084050F /* Categorys */ = {
			isa = PBXGroup;
			children = (
				A626537426E337560084050F /* UIImage+ChangeImage.h */,
				A626537526E337560084050F /* UIImage+ChangeImage.m */,
				9B18475526F092C4003C4FA4 /* UITabBar+RedPoint.h */,
				9B18475626F092C4003C4FA4 /* UITabBar+RedPoint.m */,
				9B1847AD26F2378A003C4FA4 /* UIImage+YCHUD.h */,
				9B1847AE26F2378A003C4FA4 /* UIImage+YCHUD.m */,
				A6C18C2826FB459D005D5C63 /* NSString+Pinyin.h */,
				A6C18C2926FB459D005D5C63 /* NSString+Pinyin.m */,
			);
			path = Categorys;
			sourceTree = "<group>";
		};
		A654FE0126C17D3F00DCE37C /* Models */ = {
			isa = PBXGroup;
			children = (
				A654FE0326C17DAC00DCE37C /* User.h */,
				A654FE0426C17DAC00DCE37C /* User.m */,
				9BD29D7726CBF949002F7114 /* Message.h */,
				9BD29D7826CBF949002F7114 /* Message.m */,
				9BD29D7A26CBF985002F7114 /* MessageFrame.h */,
				9BD29D7B26CBF985002F7114 /* MessageFrame.m */,
			);
			path = Models;
			sourceTree = "<group>";
		};
		A654FE0226C17D5400DCE37C /* Views */ = {
			isa = PBXGroup;
			children = (
				9B18473C26F08D8E003C4FA4 /* ImagePicker */,
				9B84E7F426ECB665006BDCCB /* ChatTable */,
				9B84E7A726E85A6B006BDCCB /* MessageTable */,
				9B84E7A626E85A2E006BDCCB /* InputView */,
				9B678DBE26C2CE9200483386 /* InformationCell.h */,
				9B678DBF26C2CE9200483386 /* InformationCell.m */,
				A626533E26CA88A30084050F /* LoginAndRegisterView.h */,
				A626533F26CA88A30084050F /* LoginAndRegisterView.m */,
				A626535B26E12C480084050F /* ContactCell.h */,
				A626535C26E12C480084050F /* ContactCell.m */,
				A626535E26E12C860084050F /* FriendInvitationCell.h */,
				A626535F26E12C860084050F /* FriendInvitationCell.m */,
				A626536126E12CB50084050F /* SearchResultCell.h */,
				A626536226E12CB50084050F /* SearchResultCell.m */,
			);
			path = Views;
			sourceTree = "<group>";
		};
		A6C18C0C26ECD6D2005D5C63 /* FourMainControllers */ = {
			isa = PBXGroup;
			children = (
				9B678D7B26BEB7DA00483386 /* ChatsViewController.h */,
				9B678D7C26BEB7DA00483386 /* ChatsViewController.m */,
				9B678DAF26C157BF00483386 /* ContactsViewController.h */,
				9B678DB026C157BF00483386 /* ContactsViewController.m */,
				9B678DB226C1595D00483386 /* DiscoverViewController.h */,
				9B678DB326C1595D00483386 /* DiscoverViewController.m */,
				9B678DB526C1596600483386 /* MeViewController.h */,
				9B678DB626C1596600483386 /* MeViewController.m */,
			);
			path = FourMainControllers;
			sourceTree = "<group>";
		};
		A6C18C1426EF477A005D5C63 /* AboutGroupControllers */ = {
			isa = PBXGroup;
			children = (
				A6C18C1126EF4773005D5C63 /* GroupViewController.h */,
				A6C18C1226EF4773005D5C63 /* GroupViewController.m */,
				A6C18C2B26FB46DE005D5C63 /* CreateGroupViewController.h */,
				A6C18C2C26FB46DE005D5C63 /* CreateGroupViewController.m */,
				A6C18C2E26FB4702005D5C63 /* SelectUserForGroupController.h */,
				A6C18C2F26FB4702005D5C63 /* SelectUserForGroupController.m */,
				A6C18C3126FB4737005D5C63 /* GroupNotificationViewController.h */,
				A6C18C3226FB4737005D5C63 /* GroupNotificationViewController.m */,
				A6C18C3426FB474B005D5C63 /* GroupInfomationViewController.h */,
				A6C18C3526FB474B005D5C63 /* GroupInfomationViewController.m */,
			);
			path = AboutGroupControllers;
			sourceTree = "<group>";
		};
		A6C18C1526EF479F005D5C63 /* AboutFriendControllers */ = {
			isa = PBXGroup;
			children = (
				A626536726E130280084050F /* AddViewController.h */,
				A626536826E130280084050F /* AddViewController.m */,
				A626536D26E130870084050F /* FriendInvitationViewController.h */,
				A626536E26E130870084050F /* FriendInvitationViewController.m */,
				A626537026E130C60084050F /* SearchInfomationController.h */,
				A626537126E130C60084050F /* SearchInfomationController.m */,
				A6C18C1626EF53DE005D5C63 /* FriendInfomationViewController.h */,
				A6C18C1726EF53DE005D5C63 /* FriendInfomationViewController.m */,
			);
			path = AboutFriendControllers;
			sourceTree = "<group>";
		};
		D74B04689037BD42BFACAA24 /* Frameworks */ = {
			isa = PBXGroup;
			children = (
				A626534126CA89060084050F /* SDAutoLayout.framework */,
				1AFA0A68199639277E7A4574 /* Pods_xxChat.framework */,
				2382D83948623E5AF2F4FE11 /* Pods_xxChat_xxChatUITests.framework */,
				43E2D4B3588605E9F2AA7F96 /* Pods_xxChatTests.framework */,
			);
			name = Frameworks;
			sourceTree = "<group>";
		};
/* End PBXGroup section */

/* Begin PBXNativeTarget section */
		9B678D7126BEB7DA00483386 /* xxChat */ = {
			isa = PBXNativeTarget;
			buildConfigurationList = 9B678DA126BEB7DC00483386 /* Build configuration list for PBXNativeTarget "xxChat" */;
			buildPhases = (
				111ECE4047F864AAAB45EAC3 /* [CP] Check Pods Manifest.lock */,
				9B678D6E26BEB7DA00483386 /* Sources */,
				9B678D6F26BEB7DA00483386 /* Frameworks */,
				9B678D7026BEB7DA00483386 /* Resources */,
				D4417E102F422B730B9300D0 /* [CP] Embed Pods Frameworks */,
			);
			buildRules = (
			);
			dependencies = (
			);
			name = xxChat;
			productName = xxChat;
			productReference = 9B678D7226BEB7DA00483386 /* xxChat.app */;
			productType = "com.apple.product-type.application";
		};
		9B678D8C26BEB7DC00483386 /* xxChatTests */ = {
			isa = PBXNativeTarget;
			buildConfigurationList = 9B678DA426BEB7DC00483386 /* Build configuration list for PBXNativeTarget "xxChatTests" */;
			buildPhases = (
				E654726BD49BDD54C8D6A5E6 /* [CP] Check Pods Manifest.lock */,
				9B678D8926BEB7DC00483386 /* Sources */,
				9B678D8A26BEB7DC00483386 /* Frameworks */,
				9B678D8B26BEB7DC00483386 /* Resources */,
			);
			buildRules = (
			);
			dependencies = (
				9B678D8F26BEB7DC00483386 /* PBXTargetDependency */,
			);
			name = xxChatTests;
			productName = xxChatTests;
			productReference = 9B678D8D26BEB7DC00483386 /* xxChatTests.xctest */;
			productType = "com.apple.product-type.bundle.unit-test";
		};
		9B678D9726BEB7DC00483386 /* xxChatUITests */ = {
			isa = PBXNativeTarget;
			buildConfigurationList = 9B678DA726BEB7DC00483386 /* Build configuration list for PBXNativeTarget "xxChatUITests" */;
			buildPhases = (
				E63965B7D39D4B141E9B312C /* [CP] Check Pods Manifest.lock */,
				9B678D9426BEB7DC00483386 /* Sources */,
				9B678D9526BEB7DC00483386 /* Frameworks */,
				9B678D9626BEB7DC00483386 /* Resources */,
				B5A3815A9701DF78E168D58B /* [CP] Embed Pods Frameworks */,
			);
			buildRules = (
			);
			dependencies = (
				9B678D9A26BEB7DC00483386 /* PBXTargetDependency */,
			);
			name = xxChatUITests;
			productName = xxChatUITests;
			productReference = 9B678D9826BEB7DC00483386 /* xxChatUITests.xctest */;
			productType = "com.apple.product-type.bundle.ui-testing";
		};
/* End PBXNativeTarget section */

/* Begin PBXProject section */
		9B678D6A26BEB7DA00483386 /* Project object */ = {
			isa = PBXProject;
			attributes = {
				LastUpgradeCheck = 1250;
				TargetAttributes = {
					9B678D7126BEB7DA00483386 = {
						CreatedOnToolsVersion = 12.5.1;
					};
					9B678D8C26BEB7DC00483386 = {
						CreatedOnToolsVersion = 12.5.1;
						TestTargetID = 9B678D7126BEB7DA00483386;
					};
					9B678D9726BEB7DC00483386 = {
						CreatedOnToolsVersion = 12.5.1;
						TestTargetID = 9B678D7126BEB7DA00483386;
					};
				};
			};
			buildConfigurationList = 9B678D6D26BEB7DA00483386 /* Build configuration list for PBXProject "xxChat" */;
			compatibilityVersion = "Xcode 9.3";
			developmentRegion = en;
			hasScannedForEncodings = 0;
			knownRegions = (
				en,
				Base,
			);
			mainGroup = 9B678D6926BEB7DA00483386;
			productRefGroup = 9B678D7326BEB7DA00483386 /* Products */;
			projectDirPath = "";
			projectRoot = "";
			targets = (
				9B678D7126BEB7DA00483386 /* xxChat */,
				9B678D8C26BEB7DC00483386 /* xxChatTests */,
				9B678D9726BEB7DC00483386 /* xxChatUITests */,
			);
		};
/* End PBXProject section */

/* Begin PBXResourcesBuildPhase section */
		9B678D7026BEB7DA00483386 /* Resources */ = {
			isa = PBXResourcesBuildPhase;
			buildActionMask = 2147483647;
			files = (
				9B678D8226BEB7DC00483386 /* Assets.xcassets in Resources */,
				9B18476126F09DB1003C4FA4 /* 表情包素材4.jpg in Resources */,
				9B18474D26F08EB9003C4FA4 /* 图片素材3.jpg in Resources */,
				9B1847A926F1EEF7003C4FA4 /* 表情包素材7.gif in Resources */,
				9B18476026F09DB1003C4FA4 /* 表情包素材6.jpg in Resources */,
				9B18475026F08EB9003C4FA4 /* 图片素材6.jpg in Resources */,
				9B18475226F08EB9003C4FA4 /* 图片素材2.jpg in Resources */,
				9B18475F26F09DB1003C4FA4 /* 表情包素材5.jpg in Resources */,
				9B18476226F09DB1003C4FA4 /* 表情包素材2.jpg in Resources */,
				9B18474E26F08EB9003C4FA4 /* 图片素材8.jpg in Resources */,
				9B18474F26F08EB9003C4FA4 /* 图片素材5.jpg in Resources */,
				9B18476426F09DB1003C4FA4 /* 表情包素材1.jpg in Resources */,
				9B18475426F08EB9003C4FA4 /* 图片素材4.jpg in Resources */,
				9B678DBD26C162C700483386 /* Main.storyboard in Resources */,
				9B18475326F08EB9003C4FA4 /* 图片素材7.jpg in Resources */,
				9B678DBA26C1622300483386 /* LaunchScreen.storyboard in Resources */,
				9B18476326F09DB1003C4FA4 /* 表情包素材3.jpg in Resources */,
				9B18475126F08EB9003C4FA4 /* 图片素材1.jpg in Resources */,
			);
			runOnlyForDeploymentPostprocessing = 0;
		};
		9B678D8B26BEB7DC00483386 /* Resources */ = {
			isa = PBXResourcesBuildPhase;
			buildActionMask = 2147483647;
			files = (
			);
			runOnlyForDeploymentPostprocessing = 0;
		};
		9B678D9626BEB7DC00483386 /* Resources */ = {
			isa = PBXResourcesBuildPhase;
			buildActionMask = 2147483647;
			files = (
			);
			runOnlyForDeploymentPostprocessing = 0;
		};
/* End PBXResourcesBuildPhase section */

/* Begin PBXShellScriptBuildPhase section */
		111ECE4047F864AAAB45EAC3 /* [CP] Check Pods Manifest.lock */ = {
			isa = PBXShellScriptBuildPhase;
			buildActionMask = 2147483647;
			files = (
			);
			inputFileListPaths = (
			);
			inputPaths = (
				"${PODS_PODFILE_DIR_PATH}/Podfile.lock",
				"${PODS_ROOT}/Manifest.lock",
			);
			name = "[CP] Check Pods Manifest.lock";
			outputFileListPaths = (
			);
			outputPaths = (
				"$(DERIVED_FILE_DIR)/Pods-xxChat-checkManifestLockResult.txt",
			);
			runOnlyForDeploymentPostprocessing = 0;
			shellPath = /bin/sh;
			shellScript = "diff \"${PODS_PODFILE_DIR_PATH}/Podfile.lock\" \"${PODS_ROOT}/Manifest.lock\" > /dev/null\nif [ $? != 0 ] ; then\n    # print error to STDERR\n    echo \"error: The sandbox is not in sync with the Podfile.lock. Run 'pod install' or update your CocoaPods installation.\" >&2\n    exit 1\nfi\n# This output is used by Xcode 'outputs' to avoid re-running this script phase.\necho \"SUCCESS\" > \"${SCRIPT_OUTPUT_FILE_0}\"\n";
			showEnvVarsInLog = 0;
		};
		B5A3815A9701DF78E168D58B /* [CP] Embed Pods Frameworks */ = {
			isa = PBXShellScriptBuildPhase;
			buildActionMask = 2147483647;
			files = (
			);
			inputFileListPaths = (
				"${PODS_ROOT}/Target Support Files/Pods-xxChat-xxChatUITests/Pods-xxChat-xxChatUITests-frameworks-${CONFIGURATION}-input-files.xcfilelist",
			);
			name = "[CP] Embed Pods Frameworks";
			outputFileListPaths = (
				"${PODS_ROOT}/Target Support Files/Pods-xxChat-xxChatUITests/Pods-xxChat-xxChatUITests-frameworks-${CONFIGURATION}-output-files.xcfilelist",
			);
			runOnlyForDeploymentPostprocessing = 0;
			shellPath = /bin/sh;
			shellScript = "\"${PODS_ROOT}/Target Support Files/Pods-xxChat-xxChatUITests/Pods-xxChat-xxChatUITests-frameworks.sh\"\n";
			showEnvVarsInLog = 0;
		};
		D4417E102F422B730B9300D0 /* [CP] Embed Pods Frameworks */ = {
			isa = PBXShellScriptBuildPhase;
			buildActionMask = 2147483647;
			files = (
			);
			inputFileListPaths = (
				"${PODS_ROOT}/Target Support Files/Pods-xxChat/Pods-xxChat-frameworks-${CONFIGURATION}-input-files.xcfilelist",
			);
			name = "[CP] Embed Pods Frameworks";
			outputFileListPaths = (
				"${PODS_ROOT}/Target Support Files/Pods-xxChat/Pods-xxChat-frameworks-${CONFIGURATION}-output-files.xcfilelist",
			);
			runOnlyForDeploymentPostprocessing = 0;
			shellPath = /bin/sh;
			shellScript = "\"${PODS_ROOT}/Target Support Files/Pods-xxChat/Pods-xxChat-frameworks.sh\"\n";
			showEnvVarsInLog = 0;
		};
		E63965B7D39D4B141E9B312C /* [CP] Check Pods Manifest.lock */ = {
			isa = PBXShellScriptBuildPhase;
			buildActionMask = 2147483647;
			files = (
			);
			inputFileListPaths = (
			);
			inputPaths = (
				"${PODS_PODFILE_DIR_PATH}/Podfile.lock",
				"${PODS_ROOT}/Manifest.lock",
			);
			name = "[CP] Check Pods Manifest.lock";
			outputFileListPaths = (
			);
			outputPaths = (
				"$(DERIVED_FILE_DIR)/Pods-xxChat-xxChatUITests-checkManifestLockResult.txt",
			);
			runOnlyForDeploymentPostprocessing = 0;
			shellPath = /bin/sh;
			shellScript = "diff \"${PODS_PODFILE_DIR_PATH}/Podfile.lock\" \"${PODS_ROOT}/Manifest.lock\" > /dev/null\nif [ $? != 0 ] ; then\n    # print error to STDERR\n    echo \"error: The sandbox is not in sync with the Podfile.lock. Run 'pod install' or update your CocoaPods installation.\" >&2\n    exit 1\nfi\n# This output is used by Xcode 'outputs' to avoid re-running this script phase.\necho \"SUCCESS\" > \"${SCRIPT_OUTPUT_FILE_0}\"\n";
			showEnvVarsInLog = 0;
		};
		E654726BD49BDD54C8D6A5E6 /* [CP] Check Pods Manifest.lock */ = {
			isa = PBXShellScriptBuildPhase;
			buildActionMask = 2147483647;
			files = (
			);
			inputFileListPaths = (
			);
			inputPaths = (
				"${PODS_PODFILE_DIR_PATH}/Podfile.lock",
				"${PODS_ROOT}/Manifest.lock",
			);
			name = "[CP] Check Pods Manifest.lock";
			outputFileListPaths = (
			);
			outputPaths = (
				"$(DERIVED_FILE_DIR)/Pods-xxChatTests-checkManifestLockResult.txt",
			);
			runOnlyForDeploymentPostprocessing = 0;
			shellPath = /bin/sh;
			shellScript = "diff \"${PODS_PODFILE_DIR_PATH}/Podfile.lock\" \"${PODS_ROOT}/Manifest.lock\" > /dev/null\nif [ $? != 0 ] ; then\n    # print error to STDERR\n    echo \"error: The sandbox is not in sync with the Podfile.lock. Run 'pod install' or update your CocoaPods installation.\" >&2\n    exit 1\nfi\n# This output is used by Xcode 'outputs' to avoid re-running this script phase.\necho \"SUCCESS\" > \"${SCRIPT_OUTPUT_FILE_0}\"\n";
			showEnvVarsInLog = 0;
		};
/* End PBXShellScriptBuildPhase section */

/* Begin PBXSourcesBuildPhase section */
		9B678D6E26BEB7DA00483386 /* Sources */ = {
			isa = PBXSourcesBuildPhase;
			buildActionMask = 2147483647;
			files = (
				9B678DC626C3C1EF00483386 /* SelfInformationTableViewController.m in Sources */,
				A626537226E130C60084050F /* SearchInfomationController.m in Sources */,
				A6C18C1826EF53DE005D5C63 /* FriendInfomationViewController.m in Sources */,
				9B84E7F326ECB65F006BDCCB /* UnreadRedPointView.m in Sources */,
				A626534026CA88A30084050F /* LoginAndRegisterView.m in Sources */,
				A6C18C3326FB4737005D5C63 /* GroupNotificationViewController.m in Sources */,
				9B84E7A226E7A9F2006BDCCB /* MoreFunctionSubView.m in Sources */,
				A626533D26CA88000084050F /* VisitorViewController.m in Sources */,
				9BD29D8226CBFA6B002F7114 /* InputView.m in Sources */,
				A654FE0526C17DAC00DCE37C /* User.m in Sources */,
				9B18473B26F08D4F003C4FA4 /* EmojiView.m in Sources */,
				A626536F26E130870084050F /* FriendInvitationViewController.m in Sources */,
				9B18475726F092C4003C4FA4 /* UITabBar+RedPoint.m in Sources */,
				A6C18C1326EF4773005D5C63 /* GroupViewController.m in Sources */,
				9B678DB126C157BF00483386 /* ContactsViewController.m in Sources */,
				A626536C26E130570084050F /* ChangeInfoViewController.m in Sources */,
				A626536026E12C860084050F /* FriendInvitationCell.m in Sources */,
				9B678DB426C1595D00483386 /* DiscoverViewController.m in Sources */,
				A626535D26E12C480084050F /* ContactCell.m in Sources */,
				A6C18C2A26FB459D005D5C63 /* NSString+Pinyin.m in Sources */,
				9B84E7A526E7AA3F006BDCCB /* MessageButton.m in Sources */,
				A6C18C3626FB474B005D5C63 /* GroupInfomationViewController.m in Sources */,
				9B1847AF26F2378A003C4FA4 /* UIImage+YCHUD.m in Sources */,
				A626536926E130280084050F /* AddViewController.m in Sources */,
				A6C18C2D26FB46DE005D5C63 /* CreateGroupViewController.m in Sources */,
				A626537626E337560084050F /* UIImage+ChangeImage.m in Sources */,
				A6C18C0F26ECD787005D5C63 /* ChangePasswordViewController.m in Sources */,
				A626536626E12CF30084050F /* MessageTableView.m in Sources */,
				9BD29D7626CBF8F7002F7114 /* MessageViewController.m in Sources */,
				9BD29D7926CBF949002F7114 /* Message.m in Sources */,
				9B678DB726C1596600483386 /* MeViewController.m in Sources */,
				9B18473F26F08DC7003C4FA4 /* ImageCollectionViewCell.m in Sources */,
				A626536326E12CB50084050F /* SearchResultCell.m in Sources */,
				9B18474226F08E0B003C4FA4 /* ImagePicker.m in Sources */,
				9BD29D7C26CBF985002F7114 /* MessageFrame.m in Sources */,
				9B678DC926C3D97C00483386 /* ChatCell.m in Sources */,
				A6C18C3026FB4702005D5C63 /* SelectUserForGroupController.m in Sources */,
				9B678D7D26BEB7DA00483386 /* ChatsViewController.m in Sources */,
				9B678D7726BEB7DA00483386 /* AppDelegate.m in Sources */,
				9BD29D7F26CBFA2B002F7114 /* MessageCell.m in Sources */,
				9B678DC026C2CE9200483386 /* InformationCell.m in Sources */,
				9B18473826F08D15003C4FA4 /* EmojiCollectionViewCell.m in Sources */,
				9B84E79F26E7A966006BDCCB /* MoreFunctionView.m in Sources */,
				9B678D8826BEB7DC00483386 /* main.m in Sources */,
				9B678D7A26BEB7DA00483386 /* SceneDelegate.m in Sources */,
			);
			runOnlyForDeploymentPostprocessing = 0;
		};
		9B678D8926BEB7DC00483386 /* Sources */ = {
			isa = PBXSourcesBuildPhase;
			buildActionMask = 2147483647;
			files = (
				9B678D9226BEB7DC00483386 /* xxChatTests.m in Sources */,
			);
			runOnlyForDeploymentPostprocessing = 0;
		};
		9B678D9426BEB7DC00483386 /* Sources */ = {
			isa = PBXSourcesBuildPhase;
			buildActionMask = 2147483647;
			files = (
				9B678D9D26BEB7DC00483386 /* xxChatUITests.m in Sources */,
			);
			runOnlyForDeploymentPostprocessing = 0;
		};
/* End PBXSourcesBuildPhase section */

/* Begin PBXTargetDependency section */
		9B678D8F26BEB7DC00483386 /* PBXTargetDependency */ = {
			isa = PBXTargetDependency;
			target = 9B678D7126BEB7DA00483386 /* xxChat */;
			targetProxy = 9B678D8E26BEB7DC00483386 /* PBXContainerItemProxy */;
		};
		9B678D9A26BEB7DC00483386 /* PBXTargetDependency */ = {
			isa = PBXTargetDependency;
			target = 9B678D7126BEB7DA00483386 /* xxChat */;
			targetProxy = 9B678D9926BEB7DC00483386 /* PBXContainerItemProxy */;
		};
/* End PBXTargetDependency section */

/* Begin XCBuildConfiguration section */
		9B678D9F26BEB7DC00483386 /* Debug */ = {
			isa = XCBuildConfiguration;
			buildSettings = {
				ALWAYS_SEARCH_USER_PATHS = NO;
				CLANG_ANALYZER_NONNULL = YES;
				CLANG_ANALYZER_NUMBER_OBJECT_CONVERSION = YES_AGGRESSIVE;
				CLANG_CXX_LANGUAGE_STANDARD = "gnu++14";
				CLANG_CXX_LIBRARY = "libc++";
				CLANG_ENABLE_MODULES = YES;
				CLANG_ENABLE_OBJC_ARC = YES;
				CLANG_ENABLE_OBJC_WEAK = YES;
				CLANG_WARN_BLOCK_CAPTURE_AUTORELEASING = YES;
				CLANG_WARN_BOOL_CONVERSION = YES;
				CLANG_WARN_COMMA = YES;
				CLANG_WARN_CONSTANT_CONVERSION = YES;
				CLANG_WARN_DEPRECATED_OBJC_IMPLEMENTATIONS = YES;
				CLANG_WARN_DIRECT_OBJC_ISA_USAGE = YES_ERROR;
				CLANG_WARN_DOCUMENTATION_COMMENTS = YES;
				CLANG_WARN_EMPTY_BODY = YES;
				CLANG_WARN_ENUM_CONVERSION = YES;
				CLANG_WARN_INFINITE_RECURSION = YES;
				CLANG_WARN_INT_CONVERSION = YES;
				CLANG_WARN_NON_LITERAL_NULL_CONVERSION = YES;
				CLANG_WARN_OBJC_IMPLICIT_RETAIN_SELF = YES;
				CLANG_WARN_OBJC_LITERAL_CONVERSION = YES;
				CLANG_WARN_OBJC_ROOT_CLASS = YES_ERROR;
				CLANG_WARN_QUOTED_INCLUDE_IN_FRAMEWORK_HEADER = YES;
				CLANG_WARN_RANGE_LOOP_ANALYSIS = YES;
				CLANG_WARN_STRICT_PROTOTYPES = YES;
				CLANG_WARN_SUSPICIOUS_MOVE = YES;
				CLANG_WARN_UNGUARDED_AVAILABILITY = YES_AGGRESSIVE;
				CLANG_WARN_UNREACHABLE_CODE = YES;
				CLANG_WARN__DUPLICATE_METHOD_MATCH = YES;
				COPY_PHASE_STRIP = NO;
				DEBUG_INFORMATION_FORMAT = dwarf;
				ENABLE_STRICT_OBJC_MSGSEND = YES;
				ENABLE_TESTABILITY = YES;
				EXCLUDED_ARCHS = arm64;
				GCC_C_LANGUAGE_STANDARD = gnu11;
				GCC_DYNAMIC_NO_PIC = NO;
				GCC_NO_COMMON_BLOCKS = YES;
				GCC_OPTIMIZATION_LEVEL = 0;
				GCC_PREPROCESSOR_DEFINITIONS = (
					"DEBUG=1",
					"$(inherited)",
				);
				GCC_WARN_64_TO_32_BIT_CONVERSION = YES;
				GCC_WARN_ABOUT_RETURN_TYPE = YES_ERROR;
				GCC_WARN_UNDECLARED_SELECTOR = YES;
				GCC_WARN_UNINITIALIZED_AUTOS = YES_AGGRESSIVE;
				GCC_WARN_UNUSED_FUNCTION = YES;
				GCC_WARN_UNUSED_VARIABLE = YES;
				IPHONEOS_DEPLOYMENT_TARGET = 14.5;
				MTL_ENABLE_DEBUG_INFO = INCLUDE_SOURCE;
				MTL_FAST_MATH = YES;
				ONLY_ACTIVE_ARCH = NO;
				SDKROOT = iphoneos;
			};
			name = Debug;
		};
		9B678DA026BEB7DC00483386 /* Release */ = {
			isa = XCBuildConfiguration;
			buildSettings = {
				ALWAYS_SEARCH_USER_PATHS = NO;
				CLANG_ANALYZER_NONNULL = YES;
				CLANG_ANALYZER_NUMBER_OBJECT_CONVERSION = YES_AGGRESSIVE;
				CLANG_CXX_LANGUAGE_STANDARD = "gnu++14";
				CLANG_CXX_LIBRARY = "libc++";
				CLANG_ENABLE_MODULES = YES;
				CLANG_ENABLE_OBJC_ARC = YES;
				CLANG_ENABLE_OBJC_WEAK = YES;
				CLANG_WARN_BLOCK_CAPTURE_AUTORELEASING = YES;
				CLANG_WARN_BOOL_CONVERSION = YES;
				CLANG_WARN_COMMA = YES;
				CLANG_WARN_CONSTANT_CONVERSION = YES;
				CLANG_WARN_DEPRECATED_OBJC_IMPLEMENTATIONS = YES;
				CLANG_WARN_DIRECT_OBJC_ISA_USAGE = YES_ERROR;
				CLANG_WARN_DOCUMENTATION_COMMENTS = YES;
				CLANG_WARN_EMPTY_BODY = YES;
				CLANG_WARN_ENUM_CONVERSION = YES;
				CLANG_WARN_INFINITE_RECURSION = YES;
				CLANG_WARN_INT_CONVERSION = YES;
				CLANG_WARN_NON_LITERAL_NULL_CONVERSION = YES;
				CLANG_WARN_OBJC_IMPLICIT_RETAIN_SELF = YES;
				CLANG_WARN_OBJC_LITERAL_CONVERSION = YES;
				CLANG_WARN_OBJC_ROOT_CLASS = YES_ERROR;
				CLANG_WARN_QUOTED_INCLUDE_IN_FRAMEWORK_HEADER = YES;
				CLANG_WARN_RANGE_LOOP_ANALYSIS = YES;
				CLANG_WARN_STRICT_PROTOTYPES = YES;
				CLANG_WARN_SUSPICIOUS_MOVE = YES;
				CLANG_WARN_UNGUARDED_AVAILABILITY = YES_AGGRESSIVE;
				CLANG_WARN_UNREACHABLE_CODE = YES;
				CLANG_WARN__DUPLICATE_METHOD_MATCH = YES;
				COPY_PHASE_STRIP = NO;
				DEBUG_INFORMATION_FORMAT = "dwarf-with-dsym";
				ENABLE_NS_ASSERTIONS = NO;
				ENABLE_STRICT_OBJC_MSGSEND = YES;
				EXCLUDED_ARCHS = arm64;
				GCC_C_LANGUAGE_STANDARD = gnu11;
				GCC_NO_COMMON_BLOCKS = YES;
				GCC_WARN_64_TO_32_BIT_CONVERSION = YES;
				GCC_WARN_ABOUT_RETURN_TYPE = YES_ERROR;
				GCC_WARN_UNDECLARED_SELECTOR = YES;
				GCC_WARN_UNINITIALIZED_AUTOS = YES_AGGRESSIVE;
				GCC_WARN_UNUSED_FUNCTION = YES;
				GCC_WARN_UNUSED_VARIABLE = YES;
				IPHONEOS_DEPLOYMENT_TARGET = 14.5;
				MTL_ENABLE_DEBUG_INFO = NO;
				MTL_FAST_MATH = YES;
				ONLY_ACTIVE_ARCH = NO;
				SDKROOT = iphoneos;
				VALIDATE_PRODUCT = YES;
			};
			name = Release;
		};
		9B678DA226BEB7DC00483386 /* Debug */ = {
			isa = XCBuildConfiguration;
			baseConfigurationReference = 7AC191896647A878FD5CC96E /* Pods-xxChat.debug.xcconfig */;
			buildSettings = {
				ASSETCATALOG_COMPILER_APPICON_NAME = AppIcon;
				ASSETCATALOG_COMPILER_GLOBAL_ACCENT_COLOR_NAME = AccentColor;
				CODE_SIGN_STYLE = Automatic;
				DEVELOPMENT_TEAM = 83N97B9S8K;
				EXCLUDED_ARCHS = arm64;
				INFOPLIST_FILE = xxChat/Info.plist;
				LD_RUNPATH_SEARCH_PATHS = (
					"$(inherited)",
					"@executable_path/Frameworks",
				);
				ONLY_ACTIVE_ARCH = NO;
				"OTHER_LDFLAGS[arch=*]" = (
					"-ObjC",
					"-l\"jcore-ios-2.7.1\"",
					"-l\"resolv\"",
					"-l\"sqlite3.0\"",
					"-l\"z\"",
					"-framework",
					"\"AVFoundation\"",
					"-framework",
					"\"AudioToolbox\"",
					"-framework",
					"\"CFNetwork\"",
					"-framework",
					"\"CoreAudio\"",
					"-framework",
					"\"CoreFoundation\"",
					"-framework",
					"\"CoreGraphics\"",
					"-framework",
					"\"CoreLocation\"",
					"-framework",
					"\"CoreTelephony\"",
					"-framework",
					"\"Foundation\"",
					"-framework",
					"\"JMessage\"",
					"-framework",
					"\"SDAutoLayout\"",
					"-framework",
					"\"Security\"",
					"-framework",
					"\"SystemConfiguration\"",
					"-framework",
					"\"UIKit\"",
					"-weak_framework",
					"\"AppTrackingTransparency\"",
					"-weak_framework",
					"\"UserNotifications\"",
				);
				PRODUCT_BUNDLE_IDENTIFIER = "FLUM-AVES.xxChat";
				PRODUCT_NAME = "$(TARGET_NAME)";
				TARGETED_DEVICE_FAMILY = "1,2";
			};
			name = Debug;
		};
		9B678DA326BEB7DC00483386 /* Release */ = {
			isa = XCBuildConfiguration;
			baseConfigurationReference = 5187AB585ED6EE9660D223F3 /* Pods-xxChat.release.xcconfig */;
			buildSettings = {
				ASSETCATALOG_COMPILER_APPICON_NAME = AppIcon;
				ASSETCATALOG_COMPILER_GLOBAL_ACCENT_COLOR_NAME = AccentColor;
				CODE_SIGN_STYLE = Automatic;
				DEVELOPMENT_TEAM = 83N97B9S8K;
				EXCLUDED_ARCHS = arm64;
				INFOPLIST_FILE = xxChat/Info.plist;
				LD_RUNPATH_SEARCH_PATHS = (
					"$(inherited)",
					"@executable_path/Frameworks",
				);
				ONLY_ACTIVE_ARCH = NO;
				"OTHER_LDFLAGS[arch=*]" = " -ObjC";
				PRODUCT_BUNDLE_IDENTIFIER = "FLUM-AVES.xxChat";
				PRODUCT_NAME = "$(TARGET_NAME)";
				TARGETED_DEVICE_FAMILY = "1,2";
			};
			name = Release;
		};
		9B678DA526BEB7DC00483386 /* Debug */ = {
			isa = XCBuildConfiguration;
			baseConfigurationReference = CA19132E76973E48485A7738 /* Pods-xxChatTests.debug.xcconfig */;
			buildSettings = {
				BUNDLE_LOADER = "$(TEST_HOST)";
				CODE_SIGN_STYLE = Automatic;
				DEVELOPMENT_TEAM = 83N97B9S8K;
				INFOPLIST_FILE = xxChatTests/Info.plist;
				IPHONEOS_DEPLOYMENT_TARGET = 14.5;
				LD_RUNPATH_SEARCH_PATHS = (
					"$(inherited)",
					"@executable_path/Frameworks",
					"@loader_path/Frameworks",
				);
				PRODUCT_BUNDLE_IDENTIFIER = "FLUM-AVES.xxChatTests";
				PRODUCT_NAME = "$(TARGET_NAME)";
				TARGETED_DEVICE_FAMILY = "1,2";
				TEST_HOST = "$(BUILT_PRODUCTS_DIR)/xxChat.app/xxChat";
			};
			name = Debug;
		};
		9B678DA626BEB7DC00483386 /* Release */ = {
			isa = XCBuildConfiguration;
			baseConfigurationReference = CA8FF227A41988C99A0CA7B1 /* Pods-xxChatTests.release.xcconfig */;
			buildSettings = {
				BUNDLE_LOADER = "$(TEST_HOST)";
				CODE_SIGN_STYLE = Automatic;
				DEVELOPMENT_TEAM = 83N97B9S8K;
				INFOPLIST_FILE = xxChatTests/Info.plist;
				IPHONEOS_DEPLOYMENT_TARGET = 14.5;
				LD_RUNPATH_SEARCH_PATHS = (
					"$(inherited)",
					"@executable_path/Frameworks",
					"@loader_path/Frameworks",
				);
				PRODUCT_BUNDLE_IDENTIFIER = "FLUM-AVES.xxChatTests";
				PRODUCT_NAME = "$(TARGET_NAME)";
				TARGETED_DEVICE_FAMILY = "1,2";
				TEST_HOST = "$(BUILT_PRODUCTS_DIR)/xxChat.app/xxChat";
			};
			name = Release;
		};
		9B678DA826BEB7DC00483386 /* Debug */ = {
			isa = XCBuildConfiguration;
			baseConfigurationReference = BED5FCBB519A9BE3680A35D3 /* Pods-xxChat-xxChatUITests.debug.xcconfig */;
			buildSettings = {
				CODE_SIGN_STYLE = Automatic;
				DEVELOPMENT_TEAM = 83N97B9S8K;
				INFOPLIST_FILE = xxChatUITests/Info.plist;
				LD_RUNPATH_SEARCH_PATHS = (
					"$(inherited)",
					"@executable_path/Frameworks",
					"@loader_path/Frameworks",
				);
				PRODUCT_BUNDLE_IDENTIFIER = "FLUM-AVES.xxChatUITests";
				PRODUCT_NAME = "$(TARGET_NAME)";
				TARGETED_DEVICE_FAMILY = "1,2";
				TEST_TARGET_NAME = xxChat;
			};
			name = Debug;
		};
		9B678DA926BEB7DC00483386 /* Release */ = {
			isa = XCBuildConfiguration;
			baseConfigurationReference = A9BFB7ADCDC74788E2CD01FE /* Pods-xxChat-xxChatUITests.release.xcconfig */;
			buildSettings = {
				CODE_SIGN_STYLE = Automatic;
				DEVELOPMENT_TEAM = 83N97B9S8K;
				INFOPLIST_FILE = xxChatUITests/Info.plist;
				LD_RUNPATH_SEARCH_PATHS = (
					"$(inherited)",
					"@executable_path/Frameworks",
					"@loader_path/Frameworks",
				);
				PRODUCT_BUNDLE_IDENTIFIER = "FLUM-AVES.xxChatUITests";
				PRODUCT_NAME = "$(TARGET_NAME)";
				TARGETED_DEVICE_FAMILY = "1,2";
				TEST_TARGET_NAME = xxChat;
			};
			name = Release;
		};
/* End XCBuildConfiguration section */

/* Begin XCConfigurationList section */
		9B678D6D26BEB7DA00483386 /* Build configuration list for PBXProject "xxChat" */ = {
			isa = XCConfigurationList;
			buildConfigurations = (
				9B678D9F26BEB7DC00483386 /* Debug */,
				9B678DA026BEB7DC00483386 /* Release */,
			);
			defaultConfigurationIsVisible = 0;
			defaultConfigurationName = Release;
		};
		9B678DA126BEB7DC00483386 /* Build configuration list for PBXNativeTarget "xxChat" */ = {
			isa = XCConfigurationList;
			buildConfigurations = (
				9B678DA226BEB7DC00483386 /* Debug */,
				9B678DA326BEB7DC00483386 /* Release */,
			);
			defaultConfigurationIsVisible = 0;
			defaultConfigurationName = Release;
		};
		9B678DA426BEB7DC00483386 /* Build configuration list for PBXNativeTarget "xxChatTests" */ = {
			isa = XCConfigurationList;
			buildConfigurations = (
				9B678DA526BEB7DC00483386 /* Debug */,
				9B678DA626BEB7DC00483386 /* Release */,
			);
			defaultConfigurationIsVisible = 0;
			defaultConfigurationName = Release;
		};
		9B678DA726BEB7DC00483386 /* Build configuration list for PBXNativeTarget "xxChatUITests" */ = {
			isa = XCConfigurationList;
			buildConfigurations = (
				9B678DA826BEB7DC00483386 /* Debug */,
				9B678DA926BEB7DC00483386 /* Release */,
			);
			defaultConfigurationIsVisible = 0;
			defaultConfigurationName = Release;
		};
/* End XCConfigurationList section */
	};
	rootObject = 9B678D6A26BEB7DA00483386 /* Project object */;
}
